
Microsoft Visual Studio Solution File, Format Version 12.00
# Visual Studio Version 17
VisualStudioVersion = 17.2.32630.192
MinimumVisualStudioVersion = 10.0.40219.1
Project("{FAE04EC0-301F-11D3-BF4B-00C04F79EFBC}") = "MasterdevZad1", "MasterdevZad1\MasterdevZad1.csproj", "{386451A0-DC81-4844-973F-A5ADF543DC9C}"
EndProject
Global
	GlobalSection(SolutionConfigurationPlatforms) = preSolution
		Debug|Any CPU = Debug|Any CPU
		Release|Any CPU = Release|Any CPU
	EndGlobalSection
	GlobalSection(ProjectConfigurationPlatforms) = postSolution
		{386451A0-DC81-4844-973F-A5ADF543DC9C}.Debug|Any CPU.ActiveCfg = Debug|Any CPU
		{386451A0-DC81-4844-973F-A5ADF543DC9C}.Debug|Any CPU.Build.0 = Debug|Any CPU
		{386451A0-DC81-4844-973F-A5ADF543DC9C}.Release|Any CPU.ActiveCfg = Release|Any CPU
		{386451A0-DC81-4844-973F-A5ADF543DC9C}.Release|Any CPU.Build.0 = Release|Any CPU
	EndGlobalSection
	GlobalSection(SolutionProperties) = preSolution
		HideSolutionNode = FALSE
	EndGlobalSection
	GlobalSection(ExtensibilityGlobals) = postSolution
		SolutionGuid = {CA1DA4BC-6473-4AD7-825A-3BC040EFF5A5}
	EndGlobalSection
EndGlobal
